{
  "version": 4,
  "terraform_version": "1.10.4",
  "serial": 43,
  "lineage": "f3bd916a-31af-7417-5c08-eba9ffe3f733",
  "outputs": {},
  "resources": [
    {
      "mode": "managed",
      "type": "azurerm_linux_virtual_machine",
      "name": "emtf-vm",
      "provider": "provider[\"registry.terraform.io/hashicorp/azurerm\"]",
      "instances": [
        {
          "schema_version": 0,
          "attributes": {
            "additional_capabilities": [],
            "admin_password": null,
            "admin_ssh_key": [
              {
                "public_key": "ssh-rsa AAAAB3NzaC1yc2EAAAADAQABAAABgQDMH1OHVDiAIYem2dActoGG9fXnQlvenIOrdFdBYolP6WSc79v/zu3ICX5nJyanVfr8ZuLswpdubZQ1AKuUhw41QkryMpemYuobtqadLCouj8/NnAGxwHdtwERqudTsakLt4akdzU/nCIJoxoEfWedjmy6wvTrR4UH4M5ThECPgoaWVREh5PgA5/hVUT+PpfuWWYi0rp+tD3COuLXQ3u7boCu9xCdZ0gMaXahAgZvrO8hindzCwRQGcCVz2a77iSrHycp9JRLh7qbrvC2AGOZ29OAwsN0xQBs4hCYfP4YWdYauMIIyHl+WjOif9+OhRDr2wrslHJ7H8H3QtkJOWUCAEdDRpztDaKUT/+L5D4lkAp0o4jd8UMAHjWhEJ4FY6J3FpDqCrRsLLYsY00VLYREY6FLYOX5J30mINe3V7Y74nlgVPmNyGV813Bex14MnxEU+D2YH4yCG5oWeIL7YEFOnPmfPhkVU/eEZr2wOsYJs5uq+Q3ccJ2BrV36NI6EYjtzM= ella@Ellas-MacBook-Pro.local\n",
                "username": "adminuser"
              }
            ],
            "admin_username": "adminuser",
            "allow_extension_operations": true,
            "availability_set_id": "",
            "boot_diagnostics": [],
            "bypass_platform_safety_checks_on_user_schedule_enabled": false,
            "capacity_reservation_group_id": "",
            "computer_name": "emtf-vm",
            "custom_data": null,
            "dedicated_host_group_id": "",
            "dedicated_host_id": "",
            "disable_password_authentication": true,
            "disk_controller_type": "",
            "edge_zone": "",
            "encryption_at_host_enabled": false,
            "eviction_policy": "",
            "extensions_time_budget": "PT1H30M",
            "gallery_application": [],
            "id": "/subscriptions/b5e7a8d2-4ced-4cf6-942e-9707cd426d93/resourceGroups/emtf-resources/providers/Microsoft.Compute/virtualMachines/emtf-vm",
            "identity": [],
            "license_type": "",
            "location": "westeurope",
            "max_bid_price": -1,
            "name": "emtf-vm",
            "network_interface_ids": [
              "/subscriptions/b5e7a8d2-4ced-4cf6-942e-9707cd426d93/resourceGroups/emtf-resources/providers/Microsoft.Network/networkInterfaces/emtf-nic"
            ],
            "os_disk": [
              {
                "caching": "ReadWrite",
                "diff_disk_settings": [],
                "disk_encryption_set_id": "",
                "disk_size_gb": 30,
                "name": "emtf-vm_disk1_22aa82927b2d424eb92ed6e39eddc229",
                "secure_vm_disk_encryption_set_id": "",
                "security_encryption_type": "",
                "storage_account_type": "Standard_LRS",
                "write_accelerator_enabled": false
              }
            ],
            "os_image_notification": [],
            "patch_assessment_mode": "ImageDefault",
            "patch_mode": "ImageDefault",
            "plan": [],
            "platform_fault_domain": -1,
            "priority": "Regular",
            "private_ip_address": "10.123.1.4",
            "private_ip_addresses": [
              "10.123.1.4"
            ],
            "provision_vm_agent": true,
            "proximity_placement_group_id": "",
            "public_ip_address": "13.69.83.133",
            "public_ip_addresses": [
              "13.69.83.133"
            ],
            "reboot_setting": "",
            "resource_group_name": "emtf-resources",
            "secret": [],
            "secure_boot_enabled": false,
            "size": "Standard_B1s",
            "source_image_id": "",
            "source_image_reference": [
              {
                "offer": "UbuntuServer",
                "publisher": "Canonical",
                "sku": "18.04-LTS",
                "version": "18.04.202401161"
              }
            ],
            "tags": {
              "environment": "dev"
            },
            "termination_notification": null,
            "timeouts": null,
            "user_data": "",
            "virtual_machine_id": "37afb5cd-65e4-4848-9bec-d6939b1408f4",
            "virtual_machine_scale_set_id": "",
            "vm_agent_platform_updates_enabled": false,
            "vtpm_enabled": false,
            "zone": ""
          },
          "sensitive_attributes": [
            [
              {
                "type": "get_attr",
                "value": "admin_password"
              }
            ],
            [
              {
                "type": "get_attr",
                "value": "custom_data"
              }
            ]
          ],
          "private": "eyJlMmJmYjczMC1lY2FhLTExZTYtOGY4OC0zNDM2M2JjN2M0YzAiOnsiY3JlYXRlIjoyNzAwMDAwMDAwMDAwLCJkZWxldGUiOjI3MDAwMDAwMDAwMDAsInJlYWQiOjMwMDAwMDAwMDAwMCwidXBkYXRlIjoyNzAwMDAwMDAwMDAwfX0=",
          "dependencies": [
            "azurerm_network_interface.emtf-nic",
            "azurerm_public_ip.emtf-ip",
            "azurerm_resource_group.emtf-rg",
            "azurerm_subnet.emtf-subnet",
            "azurerm_virtual_network.emtf-vn"
          ]
        }
      ]
    },
    {
      "mode": "managed",
      "type": "azurerm_network_interface",
      "name": "emtf-nic",
      "provider": "provider[\"registry.terraform.io/hashicorp/azurerm\"]",
      "instances": [
        {
          "schema_version": 0,
          "attributes": {
            "accelerated_networking_enabled": false,
            "applied_dns_servers": [],
            "auxiliary_mode": "",
            "auxiliary_sku": "",
            "dns_servers": [],
            "edge_zone": "",
            "id": "/subscriptions/b5e7a8d2-4ced-4cf6-942e-9707cd426d93/resourceGroups/emtf-resources/providers/Microsoft.Network/networkInterfaces/emtf-nic",
            "internal_dns_name_label": "",
            "internal_domain_name_suffix": "mbykwyaggaue1lx0qqidpvmuvh.ax.internal.cloudapp.net",
            "ip_configuration": [
              {
                "gateway_load_balancer_frontend_ip_configuration_id": "",
                "name": "internal",
                "primary": true,
                "private_ip_address": "10.123.1.4",
                "private_ip_address_allocation": "Dynamic",
                "private_ip_address_version": "IPv4",
                "public_ip_address_id": "/subscriptions/b5e7a8d2-4ced-4cf6-942e-9707cd426d93/resourceGroups/emtf-resources/providers/Microsoft.Network/publicIPAddresses/emtf-ip",
                "subnet_id": "/subscriptions/b5e7a8d2-4ced-4cf6-942e-9707cd426d93/resourceGroups/emtf-resources/providers/Microsoft.Network/virtualNetworks/emtf-network/subnets/emtf-subnet"
              }
            ],
            "ip_forwarding_enabled": false,
            "location": "westeurope",
            "mac_address": "",
            "name": "emtf-nic",
            "private_ip_address": "10.123.1.4",
            "private_ip_addresses": [
              "10.123.1.4"
            ],
            "resource_group_name": "emtf-resources",
            "tags": {
              "environment": "dev"
            },
            "timeouts": null,
            "virtual_machine_id": ""
          },
          "sensitive_attributes": [],
          "private": "eyJlMmJmYjczMC1lY2FhLTExZTYtOGY4OC0zNDM2M2JjN2M0YzAiOnsiY3JlYXRlIjoxODAwMDAwMDAwMDAwLCJkZWxldGUiOjE4MDAwMDAwMDAwMDAsInJlYWQiOjMwMDAwMDAwMDAwMCwidXBkYXRlIjoxODAwMDAwMDAwMDAwfX0=",
          "dependencies": [
            "azurerm_public_ip.emtf-ip",
            "azurerm_resource_group.emtf-rg",
            "azurerm_subnet.emtf-subnet",
            "azurerm_virtual_network.emtf-vn"
          ]
        }
      ]
    },
    {
      "mode": "managed",
      "type": "azurerm_network_security_group",
      "name": "emtf-sg",
      "provider": "provider[\"registry.terraform.io/hashicorp/azurerm\"]",
      "instances": [
        {
          "schema_version": 0,
          "attributes": {
            "id": "/subscriptions/b5e7a8d2-4ced-4cf6-942e-9707cd426d93/resourceGroups/emtf-resources/providers/Microsoft.Network/networkSecurityGroups/emtf-sg",
            "location": "westeurope",
            "name": "emtf-sg",
            "resource_group_name": "emtf-resources",
            "security_rule": [
              {
                "access": "Allow",
                "description": "",
                "destination_address_prefix": "*",
                "destination_address_prefixes": [],
                "destination_application_security_group_ids": [],
                "destination_port_range": "*",
                "destination_port_ranges": [],
                "direction": "Inbound",
                "name": "emtf-dev-rule",
                "priority": 100,
                "protocol": "*",
                "source_address_prefix": "90.242.166.252/32",
                "source_address_prefixes": [],
                "source_application_security_group_ids": [],
                "source_port_range": "*",
                "source_port_ranges": []
              }
            ],
            "tags": {
              "environment": "dev"
            },
            "timeouts": null
          },
          "sensitive_attributes": [],
          "private": "eyJlMmJmYjczMC1lY2FhLTExZTYtOGY4OC0zNDM2M2JjN2M0YzAiOnsiY3JlYXRlIjoxODAwMDAwMDAwMDAwLCJkZWxldGUiOjE4MDAwMDAwMDAwMDAsInJlYWQiOjMwMDAwMDAwMDAwMCwidXBkYXRlIjoxODAwMDAwMDAwMDAwfX0=",
          "dependencies": [
            "azurerm_resource_group.emtf-rg"
          ]
        }
      ]
    },
    {
      "mode": "managed",
      "type": "azurerm_network_security_rule",
      "name": "emtf-dev-rule",
      "provider": "provider[\"registry.terraform.io/hashicorp/azurerm\"]",
      "instances": [
        {
          "schema_version": 0,
          "attributes": {
            "access": "Allow",
            "description": "",
            "destination_address_prefix": "*",
            "destination_address_prefixes": [],
            "destination_application_security_group_ids": [],
            "destination_port_range": "*",
            "destination_port_ranges": [],
            "direction": "Inbound",
            "id": "/subscriptions/b5e7a8d2-4ced-4cf6-942e-9707cd426d93/resourceGroups/emtf-resources/providers/Microsoft.Network/networkSecurityGroups/emtf-sg/securityRules/emtf-dev-rule",
            "name": "emtf-dev-rule",
            "network_security_group_name": "emtf-sg",
            "priority": 100,
            "protocol": "*",
            "resource_group_name": "emtf-resources",
            "source_address_prefix": "90.242.166.252/32",
            "source_address_prefixes": [],
            "source_application_security_group_ids": [],
            "source_port_range": "*",
            "source_port_ranges": [],
            "timeouts": null
          },
          "sensitive_attributes": [],
          "private": "eyJlMmJmYjczMC1lY2FhLTExZTYtOGY4OC0zNDM2M2JjN2M0YzAiOnsiY3JlYXRlIjoxODAwMDAwMDAwMDAwLCJkZWxldGUiOjE4MDAwMDAwMDAwMDAsInJlYWQiOjMwMDAwMDAwMDAwMCwidXBkYXRlIjoxODAwMDAwMDAwMDAwfX0=",
          "dependencies": [
            "azurerm_network_security_group.emtf-sg",
            "azurerm_resource_group.emtf-rg"
          ]
        }
      ]
    },
    {
      "mode": "managed",
      "type": "azurerm_public_ip",
      "name": "emtf-ip",
      "provider": "provider[\"registry.terraform.io/hashicorp/azurerm\"]",
      "instances": [
        {
          "schema_version": 0,
          "attributes": {
            "allocation_method": "Dynamic",
            "ddos_protection_mode": "VirtualNetworkInherited",
            "ddos_protection_plan_id": null,
            "domain_name_label": null,
            "edge_zone": "",
            "fqdn": null,
            "id": "/subscriptions/b5e7a8d2-4ced-4cf6-942e-9707cd426d93/resourceGroups/emtf-resources/providers/Microsoft.Network/publicIPAddresses/emtf-ip",
            "idle_timeout_in_minutes": 4,
            "ip_address": "",
            "ip_tags": {},
            "ip_version": "IPv4",
            "location": "westeurope",
            "name": "emtf-ip",
            "public_ip_prefix_id": null,
            "resource_group_name": "emtf-resources",
            "reverse_fqdn": null,
            "sku": "Basic",
            "sku_tier": "Regional",
            "tags": {
              "environment": "Dev"
            },
            "timeouts": null,
            "zones": []
          },
          "sensitive_attributes": [],
          "private": "eyJlMmJmYjczMC1lY2FhLTExZTYtOGY4OC0zNDM2M2JjN2M0YzAiOnsiY3JlYXRlIjoxODAwMDAwMDAwMDAwLCJkZWxldGUiOjE4MDAwMDAwMDAwMDAsInJlYWQiOjMwMDAwMDAwMDAwMCwidXBkYXRlIjoxODAwMDAwMDAwMDAwfX0=",
          "dependencies": [
            "azurerm_resource_group.emtf-rg"
          ]
        }
      ]
    },
    {
      "mode": "managed",
      "type": "azurerm_resource_group",
      "name": "emtf-rg",
      "provider": "provider[\"registry.terraform.io/hashicorp/azurerm\"]",
      "instances": [
        {
          "schema_version": 0,
          "attributes": {
            "id": "/subscriptions/b5e7a8d2-4ced-4cf6-942e-9707cd426d93/resourceGroups/emtf-resources",
            "location": "westeurope",
            "managed_by": "",
            "name": "emtf-resources",
            "tags": {
              "environment": "dev"
            },
            "timeouts": null
          },
          "sensitive_attributes": [],
          "private": "eyJlMmJmYjczMC1lY2FhLTExZTYtOGY4OC0zNDM2M2JjN2M0YzAiOnsiY3JlYXRlIjo1NDAwMDAwMDAwMDAwLCJkZWxldGUiOjU0MDAwMDAwMDAwMDAsInJlYWQiOjMwMDAwMDAwMDAwMCwidXBkYXRlIjo1NDAwMDAwMDAwMDAwfX0="
        }
      ]
    },
    {
      "mode": "managed",
      "type": "azurerm_subnet",
      "name": "emtf-subnet",
      "provider": "provider[\"registry.terraform.io/hashicorp/azurerm\"]",
      "instances": [
        {
          "schema_version": 0,
          "attributes": {
            "address_prefixes": [
              "10.123.1.0/24"
            ],
            "default_outbound_access_enabled": true,
            "delegation": [],
            "id": "/subscriptions/b5e7a8d2-4ced-4cf6-942e-9707cd426d93/resourceGroups/emtf-resources/providers/Microsoft.Network/virtualNetworks/emtf-network/subnets/emtf-subnet",
            "name": "emtf-subnet",
            "private_endpoint_network_policies": "Disabled",
            "private_link_service_network_policies_enabled": true,
            "resource_group_name": "emtf-resources",
            "service_endpoint_policy_ids": [],
            "service_endpoints": [],
            "timeouts": null,
            "virtual_network_name": "emtf-network"
          },
          "sensitive_attributes": [],
          "private": "eyJlMmJmYjczMC1lY2FhLTExZTYtOGY4OC0zNDM2M2JjN2M0YzAiOnsiY3JlYXRlIjoxODAwMDAwMDAwMDAwLCJkZWxldGUiOjE4MDAwMDAwMDAwMDAsInJlYWQiOjMwMDAwMDAwMDAwMCwidXBkYXRlIjoxODAwMDAwMDAwMDAwfX0=",
          "dependencies": [
            "azurerm_resource_group.emtf-rg",
            "azurerm_virtual_network.emtf-vn"
          ]
        }
      ]
    },
    {
      "mode": "managed",
      "type": "azurerm_subnet_network_security_group_association",
      "name": "emtf-sga",
      "provider": "provider[\"registry.terraform.io/hashicorp/azurerm\"]",
      "instances": [
        {
          "schema_version": 0,
          "attributes": {
            "id": "/subscriptions/b5e7a8d2-4ced-4cf6-942e-9707cd426d93/resourceGroups/emtf-resources/providers/Microsoft.Network/virtualNetworks/emtf-network/subnets/emtf-subnet",
            "network_security_group_id": "/subscriptions/b5e7a8d2-4ced-4cf6-942e-9707cd426d93/resourceGroups/emtf-resources/providers/Microsoft.Network/networkSecurityGroups/emtf-sg",
            "subnet_id": "/subscriptions/b5e7a8d2-4ced-4cf6-942e-9707cd426d93/resourceGroups/emtf-resources/providers/Microsoft.Network/virtualNetworks/emtf-network/subnets/emtf-subnet",
            "timeouts": null
          },
          "sensitive_attributes": [],
          "private": "eyJlMmJmYjczMC1lY2FhLTExZTYtOGY4OC0zNDM2M2JjN2M0YzAiOnsiY3JlYXRlIjoxODAwMDAwMDAwMDAwLCJkZWxldGUiOjE4MDAwMDAwMDAwMDAsInJlYWQiOjMwMDAwMDAwMDAwMH19",
          "dependencies": [
            "azurerm_network_security_group.emtf-sg",
            "azurerm_resource_group.emtf-rg",
            "azurerm_subnet.emtf-subnet",
            "azurerm_virtual_network.emtf-vn"
          ]
        }
      ]
    },
    {
      "mode": "managed",
      "type": "azurerm_virtual_network",
      "name": "emtf-vn",
      "provider": "provider[\"registry.terraform.io/hashicorp/azurerm\"]",
      "instances": [
        {
          "schema_version": 0,
          "attributes": {
            "address_space": [
              "10.123.0.0/16"
            ],
            "bgp_community": "",
            "ddos_protection_plan": [],
            "dns_servers": [],
            "edge_zone": "",
            "encryption": [],
            "flow_timeout_in_minutes": 0,
            "guid": "60ab7060-3006-4d28-aefa-841037d594af",
            "id": "/subscriptions/b5e7a8d2-4ced-4cf6-942e-9707cd426d93/resourceGroups/emtf-resources/providers/Microsoft.Network/virtualNetworks/emtf-network",
            "location": "westeurope",
            "name": "emtf-network",
            "resource_group_name": "emtf-resources",
            "subnet": [
              {
                "address_prefixes": [
                  "10.123.1.0/24"
                ],
                "default_outbound_access_enabled": true,
                "delegation": [],
                "id": "/subscriptions/b5e7a8d2-4ced-4cf6-942e-9707cd426d93/resourceGroups/emtf-resources/providers/Microsoft.Network/virtualNetworks/emtf-network/subnets/emtf-subnet",
                "name": "emtf-subnet",
                "private_endpoint_network_policies": "Disabled",
                "private_link_service_network_policies_enabled": true,
                "route_table_id": "",
                "security_group": "/subscriptions/b5e7a8d2-4ced-4cf6-942e-9707cd426d93/resourceGroups/emtf-resources/providers/Microsoft.Network/networkSecurityGroups/emtf-sg",
                "service_endpoint_policy_ids": [],
                "service_endpoints": []
              }
            ],
            "tags": {
              "environment": "dev"
            },
            "timeouts": null
          },
          "sensitive_attributes": [],
          "private": "eyJlMmJmYjczMC1lY2FhLTExZTYtOGY4OC0zNDM2M2JjN2M0YzAiOnsiY3JlYXRlIjoxODAwMDAwMDAwMDAwLCJkZWxldGUiOjE4MDAwMDAwMDAwMDAsInJlYWQiOjMwMDAwMDAwMDAwMCwidXBkYXRlIjoxODAwMDAwMDAwMDAwfX0=",
          "dependencies": [
            "azurerm_resource_group.emtf-rg"
          ]
        }
      ]
    }
  ],
  "check_results": null
}
